// !$*UTF8*$!
{
	archiveVersion = 1;
	classes = {
	};
	objectVersion = 56;
	objects = {

/* Begin PBXBuildFile section */
		4E0302D12A8D457F002D2B59 /* RDLibRawDecoder.h in Headers */ = {isa = PBXBuildFile; fileRef = 4E0302CF2A8D457F002D2B59 /* RDLibRawDecoder.h */; settings = {ATTRIBUTES = (Public, ); }; };
		4E0302D22A8D457F002D2B59 /* RDLibRawDecoder.m in Sources */ = {isa = PBXBuildFile; fileRef = 4E0302D02A8D457F002D2B59 /* RDLibRawDecoder.m */; };
		4E0302D52A8D458F002D2B59 /* RDLibRawDecoder.m in Sources */ = {isa = PBXBuildFile; fileRef = 4E0302D02A8D457F002D2B59 /* RDLibRawDecoder.m */; };
		4E0302D62A8D4591002D2B59 /* RDLibRawDecoder.m in Sources */ = {isa = PBXBuildFile; fileRef = 4E0302D02A8D457F002D2B59 /* RDLibRawDecoder.m */; };
		4E0302D72A8D4595002D2B59 /* RDLibRawDecoder.h in Headers */ = {isa = PBXBuildFile; fileRef = 4E0302CF2A8D457F002D2B59 /* RDLibRawDecoder.h */; settings = {ATTRIBUTES = (Public, ); }; };
		4E0302D82A8D4596002D2B59 /* RDLibRawDecoder.h in Headers */ = {isa = PBXBuildFile; fileRef = 4E0302CF2A8D457F002D2B59 /* RDLibRawDecoder.h */; settings = {ATTRIBUTES = (Public, ); }; };
		4E0302D92A8D4AFC002D2B59 /* LibRawRawImage.h in Headers */ = {isa = PBXBuildFile; fileRef = 4EE9296C2A89B0CB0048D918 /* LibRawRawImage.h */; };
		4E0302DA2A8D4AFC002D2B59 /* LibRawRawImage.h in Headers */ = {isa = PBXBuildFile; fileRef = 4EE9296C2A89B0CB0048D918 /* LibRawRawImage.h */; };
		4E0302DB2A8D4AFD002D2B59 /* LibRawRawImage.h in Headers */ = {isa = PBXBuildFile; fileRef = 4EE9296C2A89B0CB0048D918 /* LibRawRawImage.h */; };
		4E0302DD2A8D4E68002D2B59 /* RDErrorDomain.m in Sources */ = {isa = PBXBuildFile; fileRef = 4E0302DC2A8D4E68002D2B59 /* RDErrorDomain.m */; };
		4E0302DE2A8D4E68002D2B59 /* RDErrorDomain.m in Sources */ = {isa = PBXBuildFile; fileRef = 4E0302DC2A8D4E68002D2B59 /* RDErrorDomain.m */; };
		4E0302DF2A8D4E68002D2B59 /* RDErrorDomain.m in Sources */ = {isa = PBXBuildFile; fileRef = 4E0302DC2A8D4E68002D2B59 /* RDErrorDomain.m */; };
		4E0302E22A8D4FC7002D2B59 /* RDRawSpeedDecoder.h in Headers */ = {isa = PBXBuildFile; fileRef = 4E0302E02A8D4FC7002D2B59 /* RDRawSpeedDecoder.h */; settings = {ATTRIBUTES = (Public, ); }; };
		4E0302E32A8D4FC7002D2B59 /* RDRawSpeedDecoder.h in Headers */ = {isa = PBXBuildFile; fileRef = 4E0302E02A8D4FC7002D2B59 /* RDRawSpeedDecoder.h */; settings = {ATTRIBUTES = (Public, ); }; };
		4E0302E42A8D4FC7002D2B59 /* RDRawSpeedDecoder.h in Headers */ = {isa = PBXBuildFile; fileRef = 4E0302E02A8D4FC7002D2B59 /* RDRawSpeedDecoder.h */; settings = {ATTRIBUTES = (Public, ); }; };
		4E0302E52A8D4FC7002D2B59 /* RDRawSpeedDecoder.mm in Sources */ = {isa = PBXBuildFile; fileRef = 4E0302E12A8D4FC7002D2B59 /* RDRawSpeedDecoder.mm */; };
		4E0302E62A8D4FC7002D2B59 /* RDRawSpeedDecoder.mm in Sources */ = {isa = PBXBuildFile; fileRef = 4E0302E12A8D4FC7002D2B59 /* RDRawSpeedDecoder.mm */; };
		4E0302E72A8D4FC7002D2B59 /* RDRawSpeedDecoder.mm in Sources */ = {isa = PBXBuildFile; fileRef = 4E0302E12A8D4FC7002D2B59 /* RDRawSpeedDecoder.mm */; };
		4E25B7142A89C23200E6E7DB /* libraw_r.a in Frameworks */ = {isa = PBXBuildFile; fileRef = 4E25B7132A89C22900E6E7DB /* libraw_r.a */; };
		4E25B7162A89C24900E6E7DB /* librawspeed.a in Frameworks */ = {isa = PBXBuildFile; fileRef = 4E25B7152A89C24000E6E7DB /* librawspeed.a */; };
		4E25B71B2A89C28300E6E7DB /* librawspeed_get_number_of_processor_cores.a in Frameworks */ = {isa = PBXBuildFile; fileRef = 4E25B71A2A89C27800E6E7DB /* librawspeed_get_number_of_processor_cores.a */; };
		4E25B71D2A89C2AE00E6E7DB /* libpugixml.a in Frameworks */ = {isa = PBXBuildFile; fileRef = 4E25B71C2A89C29E00E6E7DB /* libpugixml.a */; };
		4E578A0F2A897D60002F7CE4 /* RawDecoder.framework in Frameworks */ = {isa = PBXBuildFile; fileRef = 4E578A062A897D5F002F7CE4 /* RawDecoder.framework */; };
		4E578A152A897D60002F7CE4 /* RawDecoder.h in Headers */ = {isa = PBXBuildFile; fileRef = 4E578A092A897D5F002F7CE4 /* RawDecoder.h */; settings = {ATTRIBUTES = (Public, ); }; };
		4EE929712A89B0CB0048D918 /* RDCFAColor.h in Headers */ = {isa = PBXBuildFile; fileRef = 4EE9295F2A89B0CB0048D918 /* RDCFAColor.h */; settings = {ATTRIBUTES = (Public, ); }; };
		4EE929722A89B0CB0048D918 /* RDCFA.mm in Sources */ = {isa = PBXBuildFile; fileRef = 4EE929602A89B0CB0048D918 /* RDCFA.mm */; };
		4EE929732A89B0CB0048D918 /* RDErrorDomain.h in Headers */ = {isa = PBXBuildFile; fileRef = 4EE929612A89B0CB0048D918 /* RDErrorDomain.h */; settings = {ATTRIBUTES = (Public, ); }; };
		4EE929742A89B0CB0048D918 /* RDRawImageMetadata.h in Headers */ = {isa = PBXBuildFile; fileRef = 4EE929622A89B0CB0048D918 /* RDRawImageMetadata.h */; settings = {ATTRIBUTES = (Public, ); }; };
		4EE929752A89B0CB0048D918 /* RDRawImageMetadata.mm in Sources */ = {isa = PBXBuildFile; fileRef = 4EE929632A89B0CB0048D918 /* RDRawImageMetadata.mm */; };
		4EE929762A89B0CB0048D918 /* RawSpeedRawImage.h in Headers */ = {isa = PBXBuildFile; fileRef = 4EE929652A89B0CB0048D918 /* RawSpeedRawImage.h */; };
		4EE929772A89B0CB0048D918 /* cameraMetaData.mm in Sources */ = {isa = PBXBuildFile; fileRef = 4EE929662A89B0CB0048D918 /* cameraMetaData.mm */; };
		4EE929782A89B0CB0048D918 /* RawSpeedRawImage.mm in Sources */ = {isa = PBXBuildFile; fileRef = 4EE929672A89B0CB0048D918 /* RawSpeedRawImage.mm */; };
		4EE929792A89B0CB0048D918 /* cameraMetaData.h in Headers */ = {isa = PBXBuildFile; fileRef = 4EE929682A89B0CB0048D918 /* cameraMetaData.h */; };
		4EE9297A2A89B0CB0048D918 /* RDRawImage.h in Headers */ = {isa = PBXBuildFile; fileRef = 4EE929692A89B0CB0048D918 /* RDRawImage.h */; settings = {ATTRIBUTES = (Public, ); }; };
		4EE9297B2A89B0CB0048D918 /* LibRawRawImage.m in Sources */ = {isa = PBXBuildFile; fileRef = 4EE9296B2A89B0CB0048D918 /* LibRawRawImage.m */; };
		4EE9297D2A89B0CB0048D918 /* RDRawImageDecoder.h in Headers */ = {isa = PBXBuildFile; fileRef = 4EE9296D2A89B0CB0048D918 /* RDRawImageDecoder.h */; settings = {ATTRIBUTES = (Public, ); }; };
		4EE9297F2A89B0CB0048D918 /* RDCFA.h in Headers */ = {isa = PBXBuildFile; fileRef = 4EE9296F2A89B0CB0048D918 /* RDCFA.h */; settings = {ATTRIBUTES = (Public, ); }; };
		4EE929912A89B0ED0048D918 /* Sony ILCE-1 Raw Image 1.ARW in Resources */ = {isa = PBXBuildFile; fileRef = 4EE929812A89B0ED0048D918 /* Sony ILCE-1 Raw Image 1.ARW */; };
		4EE929932A89B0ED0048D918 /* Nikon D800E Raw Image 1.NEF in Resources */ = {isa = PBXBuildFile; fileRef = 4EE929842A89B0ED0048D918 /* Nikon D800E Raw Image 1.NEF */; };
		4EE929942A89B0ED0048D918 /* Nikon D810 Raw Image 1.NEF in Resources */ = {isa = PBXBuildFile; fileRef = 4EE929862A89B0ED0048D918 /* Nikon D810 Raw Image 1.NEF */; };
		4EE929952A89B0ED0048D918 /* Nikon D200 Raw Image 1.NEF in Resources */ = {isa = PBXBuildFile; fileRef = 4EE929882A89B0ED0048D918 /* Nikon D200 Raw Image 1.NEF */; };
		4EE929962A89B0ED0048D918 /* RawDecoderTests.mm in Sources */ = {isa = PBXBuildFile; fileRef = 4EE929892A89B0ED0048D918 /* RawDecoderTests.mm */; };
		4EE929972A89B0ED0048D918 /* RawDecoderTestUtils.mm in Sources */ = {isa = PBXBuildFile; fileRef = 4EE9298A2A89B0ED0048D918 /* RawDecoderTestUtils.mm */; };
		4EE929982A89B0ED0048D918 /* Nikon D850 Raw Image 1.NEF in Resources */ = {isa = PBXBuildFile; fileRef = 4EE9298C2A89B0ED0048D918 /* Nikon D850 Raw Image 1.NEF */; };
		4EE929992A89B0ED0048D918 /* RawPixlsTests.mm in Sources */ = {isa = PBXBuildFile; fileRef = 4EE9298D2A89B0ED0048D918 /* RawPixlsTests.mm */; };
		4EE9299C2A89B1CA0048D918 /* cameras.xml in Resources */ = {isa = PBXBuildFile; fileRef = 4EE9299B2A89B1CA0048D918 /* cameras.xml */; };
		4EE9299F2A89B3EB0048D918 /* librawspeed.a in Frameworks */ = {isa = PBXBuildFile; fileRef = 4EE9299E2A89B3DA0048D918 /* librawspeed.a */; };
		4EE929A32A89B44C0048D918 /* libpugixml.a in Frameworks */ = {isa = PBXBuildFile; fileRef = 4EE929A22A89B4410048D918 /* libpugixml.a */; };
		4EE929A52A89B4690048D918 /* libraw_r.a in Frameworks */ = {isa = PBXBuildFile; fileRef = 4EE929A42A89B4600048D918 /* libraw_r.a */; };
		4EE929A72A89B4950048D918 /* librawspeed_get_number_of_processor_cores.a in Frameworks */ = {isa = PBXBuildFile; fileRef = 4EE929A62A89B4860048D918 /* librawspeed_get_number_of_processor_cores.a */; };
		4EE929A92A89B4A30048D918 /* libz.tbd in Frameworks */ = {isa = PBXBuildFile; fileRef = 4EE929A82A89B49D0048D918 /* libz.tbd */; };
		4EE929B72A89BF040048D918 /* RDRawImageDecoder.h in Headers */ = {isa = PBXBuildFile; fileRef = 4EE9296D2A89B0CB0048D918 /* RDRawImageDecoder.h */; settings = {ATTRIBUTES = (Public, ); }; };
		4EE929B92A89BF040048D918 /* RDRawImageMetadata.h in Headers */ = {isa = PBXBuildFile; fileRef = 4EE929622A89B0CB0048D918 /* RDRawImageMetadata.h */; settings = {ATTRIBUTES = (Public, ); }; };
		4EE929BA2A89BF040048D918 /* RDErrorDomain.h in Headers */ = {isa = PBXBuildFile; fileRef = 4EE929612A89B0CB0048D918 /* RDErrorDomain.h */; settings = {ATTRIBUTES = (Public, ); }; };
		4EE929BB2A89BF040048D918 /* RDRawImageMetadata.mm in Sources */ = {isa = PBXBuildFile; fileRef = 4EE929632A89B0CB0048D918 /* RDRawImageMetadata.mm */; };
		4EE929BC2A89BF040048D918 /* RDRawImage.h in Headers */ = {isa = PBXBuildFile; fileRef = 4EE929692A89B0CB0048D918 /* RDRawImage.h */; settings = {ATTRIBUTES = (Public, ); }; };
		4EE929BD2A89BF040048D918 /* RawDecoder.h in Headers */ = {isa = PBXBuildFile; fileRef = 4E578A092A897D5F002F7CE4 /* RawDecoder.h */; settings = {ATTRIBUTES = (Public, ); }; };
		4EE929BE2A89BF040048D918 /* RDCFA.mm in Sources */ = {isa = PBXBuildFile; fileRef = 4EE929602A89B0CB0048D918 /* RDCFA.mm */; };
		4EE929BF2A89BF040048D918 /* RDCFAColor.h in Headers */ = {isa = PBXBuildFile; fileRef = 4EE9295F2A89B0CB0048D918 /* RDCFAColor.h */; settings = {ATTRIBUTES = (Public, ); }; };
		4EE929C02A89BF040048D918 /* RDCFA.h in Headers */ = {isa = PBXBuildFile; fileRef = 4EE9296F2A89B0CB0048D918 /* RDCFA.h */; settings = {ATTRIBUTES = (Public, ); }; };
		4EE929C22A89BF160048D918 /* LibRawRawImage.m in Sources */ = {isa = PBXBuildFile; fileRef = 4EE9296B2A89B0CB0048D918 /* LibRawRawImage.m */; };
		4EE929C32A89BF190048D918 /* cameras.xml in Resources */ = {isa = PBXBuildFile; fileRef = 4EE9299B2A89B1CA0048D918 /* cameras.xml */; };
		4EE929C42A89BF1D0048D918 /* RawSpeedRawImage.h in Headers */ = {isa = PBXBuildFile; fileRef = 4EE929652A89B0CB0048D918 /* RawSpeedRawImage.h */; };
		4EE929C52A89BF1D0048D918 /* cameraMetaData.h in Headers */ = {isa = PBXBuildFile; fileRef = 4EE929682A89B0CB0048D918 /* cameraMetaData.h */; };
		4EE929C62A89BF1D0048D918 /* cameraMetaData.mm in Sources */ = {isa = PBXBuildFile; fileRef = 4EE929662A89B0CB0048D918 /* cameraMetaData.mm */; };
		4EE929C72A89BF1D0048D918 /* RawSpeedRawImage.mm in Sources */ = {isa = PBXBuildFile; fileRef = 4EE929672A89B0CB0048D918 /* RawSpeedRawImage.mm */; };
		4EE929C92A89BFA60048D918 /* libraw_r.a in Frameworks */ = {isa = PBXBuildFile; fileRef = 4EE929C82A89BF9D0048D918 /* libraw_r.a */; };
		4EE929CB2A89BFB60048D918 /* libz.tbd in Frameworks */ = {isa = PBXBuildFile; fileRef = 4EE929CA2A89BFB00048D918 /* libz.tbd */; };
		4EE929CD2A89BFE70048D918 /* librawspeed.a in Frameworks */ = {isa = PBXBuildFile; fileRef = 4EE929CC2A89BFDF0048D918 /* librawspeed.a */; };
		4EE929CF2A89C0020048D918 /* librawspeed_get_number_of_processor_cores.a in Frameworks */ = {isa = PBXBuildFile; fileRef = 4EE929CE2A89BFF80048D918 /* librawspeed_get_number_of_processor_cores.a */; };
		4EE929D32A89C0760048D918 /* libpugixml.a in Frameworks */ = {isa = PBXBuildFile; fileRef = 4EE929D22A89C06B0048D918 /* libpugixml.a */; };
		4EE929D72A89C0830048D918 /* RDCFAColor.h in Headers */ = {isa = PBXBuildFile; fileRef = 4EE9295F2A89B0CB0048D918 /* RDCFAColor.h */; settings = {ATTRIBUTES = (Public, ); }; };
		4EE929D82A89C0830048D918 /* cameraMetaData.h in Headers */ = {isa = PBXBuildFile; fileRef = 4EE929682A89B0CB0048D918 /* cameraMetaData.h */; };
		4EE929D92A89C0830048D918 /* RDRawImage.h in Headers */ = {isa = PBXBuildFile; fileRef = 4EE929692A89B0CB0048D918 /* RDRawImage.h */; settings = {ATTRIBUTES = (Public, ); }; };
		4EE929DA2A89C0830048D918 /* RDRawImageMetadata.h in Headers */ = {isa = PBXBuildFile; fileRef = 4EE929622A89B0CB0048D918 /* RDRawImageMetadata.h */; settings = {ATTRIBUTES = (Public, ); }; };
		4EE929DB2A89C0830048D918 /* RDErrorDomain.h in Headers */ = {isa = PBXBuildFile; fileRef = 4EE929612A89B0CB0048D918 /* RDErrorDomain.h */; settings = {ATTRIBUTES = (Public, ); }; };
		4EE929DC2A89C0830048D918 /* RDRawImageDecoder.h in Headers */ = {isa = PBXBuildFile; fileRef = 4EE9296D2A89B0CB0048D918 /* RDRawImageDecoder.h */; settings = {ATTRIBUTES = (Public, ); }; };
		4EE929DD2A89C0830048D918 /* RawSpeedRawImage.h in Headers */ = {isa = PBXBuildFile; fileRef = 4EE929652A89B0CB0048D918 /* RawSpeedRawImage.h */; };
		4EE929DE2A89C0830048D918 /* RDCFA.h in Headers */ = {isa = PBXBuildFile; fileRef = 4EE9296F2A89B0CB0048D918 /* RDCFA.h */; settings = {ATTRIBUTES = (Public, ); }; };
		4EE929DF2A89C0830048D918 /* RawDecoder.h in Headers */ = {isa = PBXBuildFile; fileRef = 4E578A092A897D5F002F7CE4 /* RawDecoder.h */; settings = {ATTRIBUTES = (Public, ); }; };
		4EE929E22A89C0830048D918 /* cameraMetaData.mm in Sources */ = {isa = PBXBuildFile; fileRef = 4EE929662A89B0CB0048D918 /* cameraMetaData.mm */; };
		4EE929E32A89C0830048D918 /* RDCFA.mm in Sources */ = {isa = PBXBuildFile; fileRef = 4EE929602A89B0CB0048D918 /* RDCFA.mm */; };
		4EE929E42A89C0830048D918 /* LibRawRawImage.m in Sources */ = {isa = PBXBuildFile; fileRef = 4EE9296B2A89B0CB0048D918 /* LibRawRawImage.m */; };
		4EE929E52A89C0830048D918 /* RawSpeedRawImage.mm in Sources */ = {isa = PBXBuildFile; fileRef = 4EE929672A89B0CB0048D918 /* RawSpeedRawImage.mm */; };
		4EE929E72A89C0830048D918 /* RDRawImageMetadata.mm in Sources */ = {isa = PBXBuildFile; fileRef = 4EE929632A89B0CB0048D918 /* RDRawImageMetadata.mm */; };
		4EE929EE2A89C0830048D918 /* libz.tbd in Frameworks */ = {isa = PBXBuildFile; fileRef = 4EE929CA2A89BFB00048D918 /* libz.tbd */; };
		4EE929F02A89C0830048D918 /* cameras.xml in Resources */ = {isa = PBXBuildFile; fileRef = 4EE9299B2A89B1CA0048D918 /* cameras.xml */; };
/* End PBXBuildFile section */

/* Begin PBXContainerItemProxy section */
		4E578A102A897D60002F7CE4 /* PBXContainerItemProxy */ = {
			isa = PBXContainerItemProxy;
			containerPortal = 4E5789FD2A897D5F002F7CE4 /* Project object */;
			proxyType = 1;
			remoteGlobalIDString = 4E578A052A897D5F002F7CE4;
			remoteInfo = RawDecoder;
		};
/* End PBXContainerItemProxy section */

/* Begin PBXFileReference section */
		4E0302CF2A8D457F002D2B59 /* RDLibRawDecoder.h */ = {isa = PBXFileReference; lastKnownFileType = sourcecode.c.h; path = RDLibRawDecoder.h; sourceTree = "<group>"; };
		4E0302D02A8D457F002D2B59 /* RDLibRawDecoder.m */ = {isa = PBXFileReference; lastKnownFileType = sourcecode.c.objc; path = RDLibRawDecoder.m; sourceTree = "<group>"; };
		4E0302DC2A8D4E68002D2B59 /* RDErrorDomain.m */ = {isa = PBXFileReference; lastKnownFileType = sourcecode.c.objc; path = RDErrorDomain.m; sourceTree = "<group>"; };
		4E0302E02A8D4FC7002D2B59 /* RDRawSpeedDecoder.h */ = {isa = PBXFileReference; lastKnownFileType = sourcecode.c.h; path = RDRawSpeedDecoder.h; sourceTree = "<group>"; };
		4E0302E12A8D4FC7002D2B59 /* RDRawSpeedDecoder.mm */ = {isa = PBXFileReference; lastKnownFileType = sourcecode.cpp.objcpp; path = RDRawSpeedDecoder.mm; sourceTree = "<group>"; };
		4E25B7132A89C22900E6E7DB /* libraw_r.a */ = {isa = PBXFileReference; lastKnownFileType = archive.ar; name = libraw_r.a; path = "vendor/LibRaw/build-iOS_Simulator/libraw_r.a"; sourceTree = "<group>"; };
		4E25B7152A89C24000E6E7DB /* librawspeed.a */ = {isa = PBXFileReference; lastKnownFileType = archive.ar; name = librawspeed.a; path = "vendor/RawSpeed/build-iOS_Simulator/librawspeed.a"; sourceTree = "<group>"; };
		4E25B71A2A89C27800E6E7DB /* librawspeed_get_number_of_processor_cores.a */ = {isa = PBXFileReference; lastKnownFileType = archive.ar; name = librawspeed_get_number_of_processor_cores.a; path = "vendor/RawSpeed/build-iOS_Simulator/src/librawspeed/common/librawspeed_get_number_of_processor_cores.a"; sourceTree = "<group>"; };
		4E25B71C2A89C29E00E6E7DB /* libpugixml.a */ = {isa = PBXFileReference; lastKnownFileType = archive.ar; name = libpugixml.a; path = "vendor/RawSpeed/build-iOS_Simulator/src/external/pugixml/build/libpugixml.a"; sourceTree = "<group>"; };
		4E578A062A897D5F002F7CE4 /* RawDecoder.framework */ = {isa = PBXFileReference; explicitFileType = wrapper.framework; includeInIndex = 0; path = RawDecoder.framework; sourceTree = BUILT_PRODUCTS_DIR; };
		4E578A092A897D5F002F7CE4 /* RawDecoder.h */ = {isa = PBXFileReference; lastKnownFileType = sourcecode.c.h; path = RawDecoder.h; sourceTree = "<group>"; };
		4E578A0E2A897D60002F7CE4 /* RawDecoderTests.xctest */ = {isa = PBXFileReference; explicitFileType = wrapper.cfbundle; includeInIndex = 0; path = RawDecoderTests.xctest; sourceTree = BUILT_PRODUCTS_DIR; };
		4E7CDBCF2AB0B71D00C8119E /* RawDecoder.xctestplan */ = {isa = PBXFileReference; lastKnownFileType = text; path = RawDecoder.xctestplan; sourceTree = "<group>"; };
		4EACA35B2A8C0AE4004B74B2 /* raw-pixls-us-data */ = {isa = PBXFileReference; lastKnownFileType = folder; path = "raw-pixls-us-data"; sourceTree = "<group>"; };
		4EE9295F2A89B0CB0048D918 /* RDCFAColor.h */ = {isa = PBXFileReference; fileEncoding = 4; lastKnownFileType = sourcecode.c.h; path = RDCFAColor.h; sourceTree = "<group>"; };
		4EE929602A89B0CB0048D918 /* RDCFA.mm */ = {isa = PBXFileReference; fileEncoding = 4; lastKnownFileType = sourcecode.cpp.objcpp; path = RDCFA.mm; sourceTree = "<group>"; };
		4EE929612A89B0CB0048D918 /* RDErrorDomain.h */ = {isa = PBXFileReference; fileEncoding = 4; lastKnownFileType = sourcecode.c.h; path = RDErrorDomain.h; sourceTree = "<group>"; };
		4EE929622A89B0CB0048D918 /* RDRawImageMetadata.h */ = {isa = PBXFileReference; fileEncoding = 4; lastKnownFileType = sourcecode.c.h; path = RDRawImageMetadata.h; sourceTree = "<group>"; };
		4EE929632A89B0CB0048D918 /* RDRawImageMetadata.mm */ = {isa = PBXFileReference; fileEncoding = 4; lastKnownFileType = sourcecode.cpp.objcpp; path = RDRawImageMetadata.mm; sourceTree = "<group>"; };
		4EE929652A89B0CB0048D918 /* RawSpeedRawImage.h */ = {isa = PBXFileReference; fileEncoding = 4; lastKnownFileType = sourcecode.c.h; path = RawSpeedRawImage.h; sourceTree = "<group>"; };
		4EE929662A89B0CB0048D918 /* cameraMetaData.mm */ = {isa = PBXFileReference; fileEncoding = 4; lastKnownFileType = sourcecode.cpp.objcpp; path = cameraMetaData.mm; sourceTree = "<group>"; };
		4EE929672A89B0CB0048D918 /* RawSpeedRawImage.mm */ = {isa = PBXFileReference; fileEncoding = 4; lastKnownFileType = sourcecode.cpp.objcpp; path = RawSpeedRawImage.mm; sourceTree = "<group>"; };
		4EE929682A89B0CB0048D918 /* cameraMetaData.h */ = {isa = PBXFileReference; fileEncoding = 4; lastKnownFileType = sourcecode.c.h; path = cameraMetaData.h; sourceTree = "<group>"; };
		4EE929692A89B0CB0048D918 /* RDRawImage.h */ = {isa = PBXFileReference; fileEncoding = 4; lastKnownFileType = sourcecode.c.h; path = RDRawImage.h; sourceTree = "<group>"; };
		4EE9296B2A89B0CB0048D918 /* LibRawRawImage.m */ = {isa = PBXFileReference; fileEncoding = 4; lastKnownFileType = sourcecode.c.objc; path = LibRawRawImage.m; sourceTree = "<group>"; };
		4EE9296C2A89B0CB0048D918 /* LibRawRawImage.h */ = {isa = PBXFileReference; fileEncoding = 4; lastKnownFileType = sourcecode.c.h; path = LibRawRawImage.h; sourceTree = "<group>"; };
		4EE9296D2A89B0CB0048D918 /* RDRawImageDecoder.h */ = {isa = PBXFileReference; fileEncoding = 4; lastKnownFileType = sourcecode.c.h; path = RDRawImageDecoder.h; sourceTree = "<group>"; };
		4EE9296F2A89B0CB0048D918 /* RDCFA.h */ = {isa = PBXFileReference; fileEncoding = 4; lastKnownFileType = sourcecode.c.h; path = RDCFA.h; sourceTree = "<group>"; };
		4EE929812A89B0ED0048D918 /* Sony ILCE-1 Raw Image 1.ARW */ = {isa = PBXFileReference; lastKnownFileType = file; path = "Sony ILCE-1 Raw Image 1.ARW"; sourceTree = "<group>"; };
		4EE929842A89B0ED0048D918 /* Nikon D800E Raw Image 1.NEF */ = {isa = PBXFileReference; lastKnownFileType = file; path = "Nikon D800E Raw Image 1.NEF"; sourceTree = "<group>"; };
		4EE929862A89B0ED0048D918 /* Nikon D810 Raw Image 1.NEF */ = {isa = PBXFileReference; lastKnownFileType = file; path = "Nikon D810 Raw Image 1.NEF"; sourceTree = "<group>"; };
		4EE929882A89B0ED0048D918 /* Nikon D200 Raw Image 1.NEF */ = {isa = PBXFileReference; lastKnownFileType = file; path = "Nikon D200 Raw Image 1.NEF"; sourceTree = "<group>"; };
		4EE929892A89B0ED0048D918 /* RawDecoderTests.mm */ = {isa = PBXFileReference; fileEncoding = 4; lastKnownFileType = sourcecode.cpp.objcpp; path = RawDecoderTests.mm; sourceTree = "<group>"; };
		4EE9298A2A89B0ED0048D918 /* RawDecoderTestUtils.mm */ = {isa = PBXFileReference; fileEncoding = 4; lastKnownFileType = sourcecode.cpp.objcpp; path = RawDecoderTestUtils.mm; sourceTree = "<group>"; };
		4EE9298C2A89B0ED0048D918 /* Nikon D850 Raw Image 1.NEF */ = {isa = PBXFileReference; lastKnownFileType = file; path = "Nikon D850 Raw Image 1.NEF"; sourceTree = "<group>"; };
		4EE9298D2A89B0ED0048D918 /* RawPixlsTests.mm */ = {isa = PBXFileReference; fileEncoding = 4; lastKnownFileType = sourcecode.cpp.objcpp; path = RawPixlsTests.mm; sourceTree = "<group>"; };
		4EE929902A89B0ED0048D918 /* RawDecoderTestUtils.h */ = {isa = PBXFileReference; fileEncoding = 4; lastKnownFileType = sourcecode.c.h; path = RawDecoderTestUtils.h; sourceTree = "<group>"; };
		4EE9299B2A89B1CA0048D918 /* cameras.xml */ = {isa = PBXFileReference; fileEncoding = 4; lastKnownFileType = text.xml; name = cameras.xml; path = vendor/RawSpeed/RawSpeed/data/cameras.xml; sourceTree = SOURCE_ROOT; };
		4EE9299E2A89B3DA0048D918 /* librawspeed.a */ = {isa = PBXFileReference; lastKnownFileType = archive.ar; name = librawspeed.a; path = "vendor/RawSpeed/build-macOS/librawspeed.a"; sourceTree = "<group>"; };
		4EE929A22A89B4410048D918 /* libpugixml.a */ = {isa = PBXFileReference; lastKnownFileType = archive.ar; name = libpugixml.a; path = "vendor/RawSpeed/build-macOS/src/external/pugixml/build/libpugixml.a"; sourceTree = "<group>"; };
		4EE929A42A89B4600048D918 /* libraw_r.a */ = {isa = PBXFileReference; lastKnownFileType = archive.ar; name = libraw_r.a; path = "vendor/LibRaw/build-macOS/libraw_r.a"; sourceTree = "<group>"; };
		4EE929A62A89B4860048D918 /* librawspeed_get_number_of_processor_cores.a */ = {isa = PBXFileReference; lastKnownFileType = archive.ar; name = librawspeed_get_number_of_processor_cores.a; path = "vendor/RawSpeed/build-macOS/src/librawspeed/common/librawspeed_get_number_of_processor_cores.a"; sourceTree = "<group>"; };
		4EE929A82A89B49D0048D918 /* libz.tbd */ = {isa = PBXFileReference; lastKnownFileType = "sourcecode.text-based-dylib-definition"; name = libz.tbd; path = usr/lib/libz.tbd; sourceTree = SDKROOT; };
		4EE929AF2A89BC450048D918 /* RawDecoder.framework */ = {isa = PBXFileReference; explicitFileType = wrapper.framework; includeInIndex = 0; path = RawDecoder.framework; sourceTree = BUILT_PRODUCTS_DIR; };
		4EE929C82A89BF9D0048D918 /* libraw_r.a */ = {isa = PBXFileReference; lastKnownFileType = archive.ar; name = libraw_r.a; path = "vendor/LibRaw/build-iOS/libraw_r.a"; sourceTree = "<group>"; };
		4EE929CA2A89BFB00048D918 /* libz.tbd */ = {isa = PBXFileReference; lastKnownFileType = "sourcecode.text-based-dylib-definition"; name = libz.tbd; path = Platforms/iPhoneOS.platform/Developer/SDKs/iPhoneOS16.4.sdk/usr/lib/libz.tbd; sourceTree = DEVELOPER_DIR; };
		4EE929CC2A89BFDF0048D918 /* librawspeed.a */ = {isa = PBXFileReference; lastKnownFileType = archive.ar; name = librawspeed.a; path = "vendor/RawSpeed/build-iOS/librawspeed.a"; sourceTree = "<group>"; };
		4EE929CE2A89BFF80048D918 /* librawspeed_get_number_of_processor_cores.a */ = {isa = PBXFileReference; lastKnownFileType = archive.ar; name = librawspeed_get_number_of_processor_cores.a; path = "vendor/RawSpeed/build-iOS/src/librawspeed/common/librawspeed_get_number_of_processor_cores.a"; sourceTree = "<group>"; };
		4EE929D22A89C06B0048D918 /* libpugixml.a */ = {isa = PBXFileReference; lastKnownFileType = archive.ar; name = libpugixml.a; path = "vendor/RawSpeed/build-iOS/src/external/pugixml/build/libpugixml.a"; sourceTree = "<group>"; };
		4EE929F42A89C0830048D918 /* RawDecoder.framework */ = {isa = PBXFileReference; explicitFileType = wrapper.framework; includeInIndex = 0; path = RawDecoder.framework; sourceTree = BUILT_PRODUCTS_DIR; };
/* End PBXFileReference section */

/* Begin PBXFrameworksBuildPhase section */
		4E578A032A897D5F002F7CE4 /* Frameworks */ = {
			isa = PBXFrameworksBuildPhase;
			buildActionMask = 2147483647;
			files = (
				4EE929A92A89B4A30048D918 /* libz.tbd in Frameworks */,
				4EE929A32A89B44C0048D918 /* libpugixml.a in Frameworks */,
				4EE9299F2A89B3EB0048D918 /* librawspeed.a in Frameworks */,
				4EE929A52A89B4690048D918 /* libraw_r.a in Frameworks */,
				4EE929A72A89B4950048D918 /* librawspeed_get_number_of_processor_cores.a in Frameworks */,
			);
			runOnlyForDeploymentPostprocessing = 0;
		};
		4E578A0B2A897D60002F7CE4 /* Frameworks */ = {
			isa = PBXFrameworksBuildPhase;
			buildActionMask = 2147483647;
			files = (
				4E578A0F2A897D60002F7CE4 /* RawDecoder.framework in Frameworks */,
			);
			runOnlyForDeploymentPostprocessing = 0;
		};
		4EE929AC2A89BC450048D918 /* Frameworks */ = {
			isa = PBXFrameworksBuildPhase;
			buildActionMask = 2147483647;
			files = (
				4EE929C92A89BFA60048D918 /* libraw_r.a in Frameworks */,
				4EE929CF2A89C0020048D918 /* librawspeed_get_number_of_processor_cores.a in Frameworks */,
				4EE929CD2A89BFE70048D918 /* librawspeed.a in Frameworks */,
				4EE929D32A89C0760048D918 /* libpugixml.a in Frameworks */,
				4EE929CB2A89BFB60048D918 /* libz.tbd in Frameworks */,
			);
			runOnlyForDeploymentPostprocessing = 0;
		};
		4EE929E82A89C0830048D918 /* Frameworks */ = {
			isa = PBXFrameworksBuildPhase;
			buildActionMask = 2147483647;
			files = (
				4EE929EE2A89C0830048D918 /* libz.tbd in Frameworks */,
				4E25B71B2A89C28300E6E7DB /* librawspeed_get_number_of_processor_cores.a in Frameworks */,
				4E25B71D2A89C2AE00E6E7DB /* libpugixml.a in Frameworks */,
				4E25B7162A89C24900E6E7DB /* librawspeed.a in Frameworks */,
				4E25B7142A89C23200E6E7DB /* libraw_r.a in Frameworks */,
			);
			runOnlyForDeploymentPostprocessing = 0;
		};
/* End PBXFrameworksBuildPhase section */

/* Begin PBXGroup section */
		4E5789FC2A897D5F002F7CE4 = {
			isa = PBXGroup;
			children = (
				4E7CDBCF2AB0B71D00C8119E /* RawDecoder.xctestplan */,
				4E578A082A897D5F002F7CE4 /* RawDecoder */,
				4E578A122A897D60002F7CE4 /* RawDecoderTests */,
				4EACA35B2A8C0AE4004B74B2 /* raw-pixls-us-data */,
				4EE9299D2A89B3DA0048D918 /* Frameworks */,
				4E578A072A897D5F002F7CE4 /* Products */,
			);
			sourceTree = "<group>";
		};
		4E578A072A897D5F002F7CE4 /* Products */ = {
			isa = PBXGroup;
			children = (
				4E578A062A897D5F002F7CE4 /* RawDecoder.framework */,
				4E578A0E2A897D60002F7CE4 /* RawDecoderTests.xctest */,
				4EE929AF2A89BC450048D918 /* RawDecoder.framework */,
				4EE929F42A89C0830048D918 /* RawDecoder.framework */,
			);
			name = Products;
			sourceTree = "<group>";
		};
		4E578A082A897D5F002F7CE4 /* RawDecoder */ = {
			isa = PBXGroup;
			children = (
				4E578A092A897D5F002F7CE4 /* RawDecoder.h */,
				4EE9296F2A89B0CB0048D918 /* RDCFA.h */,
				4EE9295F2A89B0CB0048D918 /* RDCFAColor.h */,
				4EE929612A89B0CB0048D918 /* RDErrorDomain.h */,
				4EE929692A89B0CB0048D918 /* RDRawImage.h */,
				4EE9296D2A89B0CB0048D918 /* RDRawImageDecoder.h */,
				4EE929622A89B0CB0048D918 /* RDRawImageMetadata.h */,
				4E0302DC2A8D4E68002D2B59 /* RDErrorDomain.m */,
				4EE929602A89B0CB0048D918 /* RDCFA.mm */,
				4EE929632A89B0CB0048D918 /* RDRawImageMetadata.mm */,
				4EE9296A2A89B0CB0048D918 /* LibRaw */,
				4EE929642A89B0CB0048D918 /* RawSpeed */,
			);
			path = RawDecoder;
			sourceTree = "<group>";
		};
		4E578A122A897D60002F7CE4 /* RawDecoderTests */ = {
			isa = PBXGroup;
			children = (
				4EE929902A89B0ED0048D918 /* RawDecoderTestUtils.h */,
				4EE929892A89B0ED0048D918 /* RawDecoderTests.mm */,
				4EE9298A2A89B0ED0048D918 /* RawDecoderTestUtils.mm */,
				4EE9298D2A89B0ED0048D918 /* RawPixlsTests.mm */,
				4EE929872A89B0ED0048D918 /* Nikon D200 Raw Image 1 */,
				4EE929832A89B0ED0048D918 /* Nikon D800E Raw Image 1 */,
				4EE929852A89B0ED0048D918 /* Nikon D810 Raw Image 1 */,
				4EE9298B2A89B0ED0048D918 /* Nikon D850 Raw Image 1 */,
				4EE929802A89B0ED0048D918 /* Sony ILCE-1 Raw Image 1 */,
			);
			path = RawDecoderTests;
			sourceTree = "<group>";
		};
		4EE929642A89B0CB0048D918 /* RawSpeed */ = {
			isa = PBXGroup;
			children = (
				4EE929682A89B0CB0048D918 /* cameraMetaData.h */,
				4EE929652A89B0CB0048D918 /* RawSpeedRawImage.h */,
				4E0302E02A8D4FC7002D2B59 /* RDRawSpeedDecoder.h */,
				4EE929662A89B0CB0048D918 /* cameraMetaData.mm */,
				4EE929672A89B0CB0048D918 /* RawSpeedRawImage.mm */,
				4E0302E12A8D4FC7002D2B59 /* RDRawSpeedDecoder.mm */,
				4EE9299B2A89B1CA0048D918 /* cameras.xml */,
			);
			path = RawSpeed;
			sourceTree = "<group>";
		};
		4EE9296A2A89B0CB0048D918 /* LibRaw */ = {
			isa = PBXGroup;
			children = (
				4EE9296C2A89B0CB0048D918 /* LibRawRawImage.h */,
				4E0302CF2A8D457F002D2B59 /* RDLibRawDecoder.h */,
				4EE9296B2A89B0CB0048D918 /* LibRawRawImage.m */,
				4E0302D02A8D457F002D2B59 /* RDLibRawDecoder.m */,
			);
			path = LibRaw;
			sourceTree = "<group>";
		};
		4EE929802A89B0ED0048D918 /* Sony ILCE-1 Raw Image 1 */ = {
			isa = PBXGroup;
			children = (
				4EE929812A89B0ED0048D918 /* Sony ILCE-1 Raw Image 1.ARW */,
			);
			path = "Sony ILCE-1 Raw Image 1";
			sourceTree = "<group>";
		};
		4EE929832A89B0ED0048D918 /* Nikon D800E Raw Image 1 */ = {
			isa = PBXGroup;
			children = (
				4EE929842A89B0ED0048D918 /* Nikon D800E Raw Image 1.NEF */,
			);
			path = "Nikon D800E Raw Image 1";
			sourceTree = "<group>";
		};
		4EE929852A89B0ED0048D918 /* Nikon D810 Raw Image 1 */ = {
			isa = PBXGroup;
			children = (
				4EE929862A89B0ED0048D918 /* Nikon D810 Raw Image 1.NEF */,
			);
			path = "Nikon D810 Raw Image 1";
			sourceTree = "<group>";
		};
		4EE929872A89B0ED0048D918 /* Nikon D200 Raw Image 1 */ = {
			isa = PBXGroup;
			children = (
				4EE929882A89B0ED0048D918 /* Nikon D200 Raw Image 1.NEF */,
			);
			path = "Nikon D200 Raw Image 1";
			sourceTree = "<group>";
		};
		4EE9298B2A89B0ED0048D918 /* Nikon D850 Raw Image 1 */ = {
			isa = PBXGroup;
			children = (
				4EE9298C2A89B0ED0048D918 /* Nikon D850 Raw Image 1.NEF */,
			);
			path = "Nikon D850 Raw Image 1";
			sourceTree = "<group>";
		};
		4EE9299D2A89B3DA0048D918 /* Frameworks */ = {
			isa = PBXGroup;
			children = (
				4E25B71C2A89C29E00E6E7DB /* libpugixml.a */,
				4E25B71A2A89C27800E6E7DB /* librawspeed_get_number_of_processor_cores.a */,
				4E25B7152A89C24000E6E7DB /* librawspeed.a */,
				4E25B7132A89C22900E6E7DB /* libraw_r.a */,
				4EE929D22A89C06B0048D918 /* libpugixml.a */,
				4EE929CE2A89BFF80048D918 /* librawspeed_get_number_of_processor_cores.a */,
				4EE929CC2A89BFDF0048D918 /* librawspeed.a */,
				4EE929CA2A89BFB00048D918 /* libz.tbd */,
				4EE929C82A89BF9D0048D918 /* libraw_r.a */,
				4EE929A82A89B49D0048D918 /* libz.tbd */,
				4EE929A62A89B4860048D918 /* librawspeed_get_number_of_processor_cores.a */,
				4EE929A42A89B4600048D918 /* libraw_r.a */,
				4EE929A22A89B4410048D918 /* libpugixml.a */,
				4EE9299E2A89B3DA0048D918 /* librawspeed.a */,
			);
			name = Frameworks;
			sourceTree = "<group>";
		};
/* End PBXGroup section */

/* Begin PBXHeadersBuildPhase section */
		4E578A012A897D5F002F7CE4 /* Headers */ = {
			isa = PBXHeadersBuildPhase;
			buildActionMask = 2147483647;
			files = (
				4E578A152A897D60002F7CE4 /* RawDecoder.h in Headers */,
				4EE9297D2A89B0CB0048D918 /* RDRawImageDecoder.h in Headers */,
				4E0302E22A8D4FC7002D2B59 /* RDRawSpeedDecoder.h in Headers */,
				4EE929762A89B0CB0048D918 /* RawSpeedRawImage.h in Headers */,
				4EE929712A89B0CB0048D918 /* RDCFAColor.h in Headers */,
				4EE9297F2A89B0CB0048D918 /* RDCFA.h in Headers */,
				4EE929742A89B0CB0048D918 /* RDRawImageMetadata.h in Headers */,
				4E0302D92A8D4AFC002D2B59 /* LibRawRawImage.h in Headers */,
				4EE929792A89B0CB0048D918 /* cameraMetaData.h in Headers */,
				4E0302D12A8D457F002D2B59 /* RDLibRawDecoder.h in Headers */,
				4EE929732A89B0CB0048D918 /* RDErrorDomain.h in Headers */,
				4EE9297A2A89B0CB0048D918 /* RDRawImage.h in Headers */,
			);
			runOnlyForDeploymentPostprocessing = 0;
		};
		4EE929AA2A89BC450048D918 /* Headers */ = {
			isa = PBXHeadersBuildPhase;
			buildActionMask = 2147483647;
			files = (
				4EE929BF2A89BF040048D918 /* RDCFAColor.h in Headers */,
				4EE929C52A89BF1D0048D918 /* cameraMetaData.h in Headers */,
				4E0302E32A8D4FC7002D2B59 /* RDRawSpeedDecoder.h in Headers */,
				4EE929BC2A89BF040048D918 /* RDRawImage.h in Headers */,
				4EE929B92A89BF040048D918 /* RDRawImageMetadata.h in Headers */,
				4EE929BA2A89BF040048D918 /* RDErrorDomain.h in Headers */,
				4EE929B72A89BF040048D918 /* RDRawImageDecoder.h in Headers */,
				4E0302DA2A8D4AFC002D2B59 /* LibRawRawImage.h in Headers */,
				4EE929C42A89BF1D0048D918 /* RawSpeedRawImage.h in Headers */,
				4E0302D72A8D4595002D2B59 /* RDLibRawDecoder.h in Headers */,
				4EE929C02A89BF040048D918 /* RDCFA.h in Headers */,
				4EE929BD2A89BF040048D918 /* RawDecoder.h in Headers */,
			);
			runOnlyForDeploymentPostprocessing = 0;
		};
		4EE929D52A89C0830048D918 /* Headers */ = {
			isa = PBXHeadersBuildPhase;
			buildActionMask = 2147483647;
			files = (
				4EE929D72A89C0830048D918 /* RDCFAColor.h in Headers */,
				4EE929D82A89C0830048D918 /* cameraMetaData.h in Headers */,
				4E0302E42A8D4FC7002D2B59 /* RDRawSpeedDecoder.h in Headers */,
				4EE929D92A89C0830048D918 /* RDRawImage.h in Headers */,
				4EE929DA2A89C0830048D918 /* RDRawImageMetadata.h in Headers */,
				4EE929DB2A89C0830048D918 /* RDErrorDomain.h in Headers */,
				4EE929DC2A89C0830048D918 /* RDRawImageDecoder.h in Headers */,
				4E0302DB2A8D4AFD002D2B59 /* LibRawRawImage.h in Headers */,
				4EE929DD2A89C0830048D918 /* RawSpeedRawImage.h in Headers */,
				4E0302D82A8D4596002D2B59 /* RDLibRawDecoder.h in Headers */,
				4EE929DE2A89C0830048D918 /* RDCFA.h in Headers */,
				4EE929DF2A89C0830048D918 /* RawDecoder.h in Headers */,
			);
			runOnlyForDeploymentPostprocessing = 0;
		};
/* End PBXHeadersBuildPhase section */

/* Begin PBXNativeTarget section */
		4E578A052A897D5F002F7CE4 /* RawDecoder */ = {
			isa = PBXNativeTarget;
			buildConfigurationList = 4E578A182A897D60002F7CE4 /* Build configuration list for PBXNativeTarget "RawDecoder" */;
			buildPhases = (
				4E578A012A897D5F002F7CE4 /* Headers */,
				4E578A022A897D5F002F7CE4 /* Sources */,
				4E578A032A897D5F002F7CE4 /* Frameworks */,
				4E578A042A897D5F002F7CE4 /* Resources */,
			);
			buildRules = (
			);
			dependencies = (
			);
			name = RawDecoder;
			productName = RawDecoder;
			productReference = 4E578A062A897D5F002F7CE4 /* RawDecoder.framework */;
			productType = "com.apple.product-type.framework";
		};
		4E578A0D2A897D60002F7CE4 /* RawDecoderTests */ = {
			isa = PBXNativeTarget;
			buildConfigurationList = 4E578A1B2A897D60002F7CE4 /* Build configuration list for PBXNativeTarget "RawDecoderTests" */;
			buildPhases = (
				4E578A0A2A897D60002F7CE4 /* Sources */,
				4E578A0B2A897D60002F7CE4 /* Frameworks */,
				4E578A0C2A897D60002F7CE4 /* Resources */,
			);
			buildRules = (
			);
			dependencies = (
				4E578A112A897D60002F7CE4 /* PBXTargetDependency */,
			);
			name = RawDecoderTests;
			productName = RawDecoderTests;
			productReference = 4E578A0E2A897D60002F7CE4 /* RawDecoderTests.xctest */;
			productType = "com.apple.product-type.bundle.unit-test";
		};
		4EE929AE2A89BC450048D918 /* RawDecoder iOS */ = {
			isa = PBXNativeTarget;
			buildConfigurationList = 4EE929B32A89BC450048D918 /* Build configuration list for PBXNativeTarget "RawDecoder iOS" */;
			buildPhases = (
				4EE929AA2A89BC450048D918 /* Headers */,
				4EE929AB2A89BC450048D918 /* Sources */,
				4EE929AC2A89BC450048D918 /* Frameworks */,
				4EE929AD2A89BC450048D918 /* Resources */,
			);
			buildRules = (
			);
			dependencies = (
			);
			name = "RawDecoder iOS";
			productName = "RawDecoder iOS";
			productReference = 4EE929AF2A89BC450048D918 /* RawDecoder.framework */;
			productType = "com.apple.product-type.framework";
		};
		4EE929D42A89C0830048D918 /* RawDecoder iOS Simulator */ = {
			isa = PBXNativeTarget;
			buildConfigurationList = 4EE929F12A89C0830048D918 /* Build configuration list for PBXNativeTarget "RawDecoder iOS Simulator" */;
			buildPhases = (
				4EE929D52A89C0830048D918 /* Headers */,
				4EE929E12A89C0830048D918 /* Sources */,
				4EE929E82A89C0830048D918 /* Frameworks */,
				4EE929EF2A89C0830048D918 /* Resources */,
			);
			buildRules = (
			);
			dependencies = (
			);
			name = "RawDecoder iOS Simulator";
			productName = "RawDecoder iOS";
			productReference = 4EE929F42A89C0830048D918 /* RawDecoder.framework */;
			productType = "com.apple.product-type.framework";
		};
/* End PBXNativeTarget section */

/* Begin PBXProject section */
		4E5789FD2A897D5F002F7CE4 /* Project object */ = {
			isa = PBXProject;
			attributes = {
				BuildIndependentTargetsInParallel = 1;
				LastSwiftUpdateCheck = 1430;
				LastUpgradeCheck = 1430;
				TargetAttributes = {
					4E578A052A897D5F002F7CE4 = {
						CreatedOnToolsVersion = 14.3.1;
					};
					4E578A0D2A897D60002F7CE4 = {
						CreatedOnToolsVersion = 14.3.1;
					};
					4EE929AE2A89BC450048D918 = {
						CreatedOnToolsVersion = 14.3.1;
					};
				};
			};
			buildConfigurationList = 4E578A002A897D5F002F7CE4 /* Build configuration list for PBXProject "RawDecoder" */;
			compatibilityVersion = "Xcode 14.0";
			developmentRegion = en;
			hasScannedForEncodings = 0;
			knownRegions = (
				en,
				Base,
			);
			mainGroup = 4E5789FC2A897D5F002F7CE4;
			productRefGroup = 4E578A072A897D5F002F7CE4 /* Products */;
			projectDirPath = "";
			projectRoot = "";
			targets = (
				4E578A052A897D5F002F7CE4 /* RawDecoder */,
				4E578A0D2A897D60002F7CE4 /* RawDecoderTests */,
				4EE929AE2A89BC450048D918 /* RawDecoder iOS */,
				4EE929D42A89C0830048D918 /* RawDecoder iOS Simulator */,
			);
		};
/* End PBXProject section */

/* Begin PBXResourcesBuildPhase section */
		4E578A042A897D5F002F7CE4 /* Resources */ = {
			isa = PBXResourcesBuildPhase;
			buildActionMask = 2147483647;
			files = (
				4EE9299C2A89B1CA0048D918 /* cameras.xml in Resources */,
			);
			runOnlyForDeploymentPostprocessing = 0;
		};
		4E578A0C2A897D60002F7CE4 /* Resources */ = {
			isa = PBXResourcesBuildPhase;
			buildActionMask = 2147483647;
			files = (
				4EE929952A89B0ED0048D918 /* Nikon D200 Raw Image 1.NEF in Resources */,
				4EE929912A89B0ED0048D918 /* Sony ILCE-1 Raw Image 1.ARW in Resources */,
				4EE929932A89B0ED0048D918 /* Nikon D800E Raw Image 1.NEF in Resources */,
				4EE929942A89B0ED0048D918 /* Nikon D810 Raw Image 1.NEF in Resources */,
				4EE929982A89B0ED0048D918 /* Nikon D850 Raw Image 1.NEF in Resources */,
			);
			runOnlyForDeploymentPostprocessing = 0;
		};
		4EE929AD2A89BC450048D918 /* Resources */ = {
			isa = PBXResourcesBuildPhase;
			buildActionMask = 2147483647;
			files = (
				4EE929C32A89BF190048D918 /* cameras.xml in Resources */,
			);
			runOnlyForDeploymentPostprocessing = 0;
		};
		4EE929EF2A89C0830048D918 /* Resources */ = {
			isa = PBXResourcesBuildPhase;
			buildActionMask = 2147483647;
			files = (
				4EE929F02A89C0830048D918 /* cameras.xml in Resources */,
			);
			runOnlyForDeploymentPostprocessing = 0;
		};
/* End PBXResourcesBuildPhase section */

/* Begin PBXSourcesBuildPhase section */
		4E578A022A897D5F002F7CE4 /* Sources */ = {
			isa = PBXSourcesBuildPhase;
			buildActionMask = 2147483647;
			files = (
				4EE929752A89B0CB0048D918 /* RDRawImageMetadata.mm in Sources */,
				4EE9297B2A89B0CB0048D918 /* LibRawRawImage.m in Sources */,
				4E0302DD2A8D4E68002D2B59 /* RDErrorDomain.m in Sources */,
				4EE929722A89B0CB0048D918 /* RDCFA.mm in Sources */,
				4E0302D22A8D457F002D2B59 /* RDLibRawDecoder.m in Sources */,
				4E0302E52A8D4FC7002D2B59 /* RDRawSpeedDecoder.mm in Sources */,
				4EE929772A89B0CB0048D918 /* cameraMetaData.mm in Sources */,
				4EE929782A89B0CB0048D918 /* RawSpeedRawImage.mm in Sources */,
			);
			runOnlyForDeploymentPostprocessing = 0;
		};
		4E578A0A2A897D60002F7CE4 /* Sources */ = {
			isa = PBXSourcesBuildPhase;
			buildActionMask = 2147483647;
			files = (
				4EE929962A89B0ED0048D918 /* RawDecoderTests.mm in Sources */,
				4EE929972A89B0ED0048D918 /* RawDecoderTestUtils.mm in Sources */,
				4EE929992A89B0ED0048D918 /* RawPixlsTests.mm in Sources */,
			);
			runOnlyForDeploymentPostprocessing = 0;
		};
		4EE929AB2A89BC450048D918 /* Sources */ = {
			isa = PBXSourcesBuildPhase;
			buildActionMask = 2147483647;
			files = (
				4EE929C62A89BF1D0048D918 /* cameraMetaData.mm in Sources */,
				4EE929BE2A89BF040048D918 /* RDCFA.mm in Sources */,
				4E0302DE2A8D4E68002D2B59 /* RDErrorDomain.m in Sources */,
				4EE929C22A89BF160048D918 /* LibRawRawImage.m in Sources */,
				4EE929C72A89BF1D0048D918 /* RawSpeedRawImage.mm in Sources */,
				4E0302D52A8D458F002D2B59 /* RDLibRawDecoder.m in Sources */,
				4E0302E62A8D4FC7002D2B59 /* RDRawSpeedDecoder.mm in Sources */,
				4EE929BB2A89BF040048D918 /* RDRawImageMetadata.mm in Sources */,
			);
			runOnlyForDeploymentPostprocessing = 0;
		};
		4EE929E12A89C0830048D918 /* Sources */ = {
			isa = PBXSourcesBuildPhase;
			buildActionMask = 2147483647;
			files = (
				4EE929E22A89C0830048D918 /* cameraMetaData.mm in Sources */,
				4EE929E32A89C0830048D918 /* RDCFA.mm in Sources */,
				4E0302DF2A8D4E68002D2B59 /* RDErrorDomain.m in Sources */,
				4EE929E42A89C0830048D918 /* LibRawRawImage.m in Sources */,
				4EE929E52A89C0830048D918 /* RawSpeedRawImage.mm in Sources */,
				4E0302D62A8D4591002D2B59 /* RDLibRawDecoder.m in Sources */,
				4E0302E72A8D4FC7002D2B59 /* RDRawSpeedDecoder.mm in Sources */,
				4EE929E72A89C0830048D918 /* RDRawImageMetadata.mm in Sources */,
			);
			runOnlyForDeploymentPostprocessing = 0;
		};
/* End PBXSourcesBuildPhase section */

/* Begin PBXTargetDependency section */
		4E578A112A897D60002F7CE4 /* PBXTargetDependency */ = {
			isa = PBXTargetDependency;
			target = 4E578A052A897D5F002F7CE4 /* RawDecoder */;
			targetProxy = 4E578A102A897D60002F7CE4 /* PBXContainerItemProxy */;
		};
/* End PBXTargetDependency section */

/* Begin XCBuildConfiguration section */
		4E578A162A897D60002F7CE4 /* Debug */ = {
			isa = XCBuildConfiguration;
			buildSettings = {
				ALWAYS_SEARCH_USER_PATHS = NO;
				BUILD_LIBRARY_FOR_DISTRIBUTION = YES;
				CLANG_ANALYZER_NONNULL = YES;
				CLANG_ANALYZER_NUMBER_OBJECT_CONVERSION = YES_AGGRESSIVE;
				CLANG_CXX_LANGUAGE_STANDARD = "c++17";
				CLANG_ENABLE_MODULES = YES;
				CLANG_ENABLE_OBJC_ARC = YES;
				CLANG_ENABLE_OBJC_WEAK = YES;
				CLANG_WARN_BLOCK_CAPTURE_AUTORELEASING = YES;
				CLANG_WARN_BOOL_CONVERSION = YES;
				CLANG_WARN_COMMA = YES;
				CLANG_WARN_CONSTANT_CONVERSION = YES;
				CLANG_WARN_DEPRECATED_OBJC_IMPLEMENTATIONS = YES;
				CLANG_WARN_DIRECT_OBJC_ISA_USAGE = YES_ERROR;
				CLANG_WARN_DOCUMENTATION_COMMENTS = YES;
				CLANG_WARN_EMPTY_BODY = YES;
				CLANG_WARN_ENUM_CONVERSION = YES;
				CLANG_WARN_INFINITE_RECURSION = YES;
				CLANG_WARN_INT_CONVERSION = YES;
				CLANG_WARN_NON_LITERAL_NULL_CONVERSION = YES;
				CLANG_WARN_OBJC_IMPLICIT_RETAIN_SELF = YES;
				CLANG_WARN_OBJC_LITERAL_CONVERSION = YES;
				CLANG_WARN_OBJC_ROOT_CLASS = YES_ERROR;
				CLANG_WARN_QUOTED_INCLUDE_IN_FRAMEWORK_HEADER = YES;
				CLANG_WARN_RANGE_LOOP_ANALYSIS = YES;
				CLANG_WARN_STRICT_PROTOTYPES = YES;
				CLANG_WARN_SUSPICIOUS_MOVE = YES;
				CLANG_WARN_UNGUARDED_AVAILABILITY = YES_AGGRESSIVE;
				CLANG_WARN_UNREACHABLE_CODE = YES;
				CLANG_WARN__DUPLICATE_METHOD_MATCH = YES;
				COPY_PHASE_STRIP = NO;
				CURRENT_PROJECT_VERSION = 1;
				DEAD_CODE_STRIPPING = YES;
				DEBUG_INFORMATION_FORMAT = dwarf;
				DEFINES_MODULE = YES;
				DEVELOPMENT_TEAM = 8Z8NQN4LT4;
				DYLIB_INSTALL_NAME_BASE = "@rpath";
				ENABLE_MODULE_VERIFIER = YES;
				ENABLE_STRICT_OBJC_MSGSEND = YES;
				ENABLE_TESTABILITY = YES;
				GCC_C_LANGUAGE_STANDARD = c11;
				GCC_OPTIMIZATION_LEVEL = 0;
				GCC_PREPROCESSOR_DEFINITIONS = (
					"DEBUG=1",
					"$(inherited)",
				);
				GCC_WARN_64_TO_32_BIT_CONVERSION = YES;
				GCC_WARN_ABOUT_RETURN_TYPE = YES_ERROR;
				GCC_WARN_UNDECLARED_SELECTOR = YES;
				GCC_WARN_UNINITIALIZED_AUTOS = YES_AGGRESSIVE;
				GCC_WARN_UNUSED_FUNCTION = YES;
				GCC_WARN_UNUSED_VARIABLE = YES;
				GENERATE_INFOPLIST_FILE = YES;
				HEADER_SEARCH_PATHS = (
					"$(PROJECT_DIR)/vendor/LibRaw/LibRaw/libraw",
					"$(PROJECT_DIR)/vendor/RawSpeed/RawSpeed/src/librawspeed",
					"$(PROJECT_DIR)/vendor/RawSpeed/RawSpeed/src/external",
				);
				IPHONEOS_DEPLOYMENT_TARGET = 11.0;
				LD_RUNPATH_SEARCH_PATHS = (
					"@executable_path/Frameworks",
					"@executable_path/../Frameworks",
					"@loader_path/Frameworks",
				);
				MACOSX_DEPLOYMENT_TARGET = 10.13;
				MARKETING_VERSION = 1.0;
				MODULE_VERIFIER_SUPPORTED_LANGUAGES = "objective-c objective-c++";
				MODULE_VERIFIER_SUPPORTED_LANGUAGE_STANDARDS = "c11 c++17";
				PRODUCT_BUNDLE_IDENTIFIER = "ms.allman.$(PRODUCT_NAME)";
				PRODUCT_NAME = RawDecoder;
			};
			name = Debug;
		};
		4E578A172A897D60002F7CE4 /* Release */ = {
			isa = XCBuildConfiguration;
			buildSettings = {
				ALWAYS_SEARCH_USER_PATHS = NO;
				BUILD_LIBRARY_FOR_DISTRIBUTION = YES;
				CLANG_ANALYZER_NONNULL = YES;
				CLANG_ANALYZER_NUMBER_OBJECT_CONVERSION = YES_AGGRESSIVE;
				CLANG_CXX_LANGUAGE_STANDARD = "c++17";
				CLANG_ENABLE_MODULES = YES;
				CLANG_ENABLE_OBJC_ARC = YES;
				CLANG_ENABLE_OBJC_WEAK = YES;
				CLANG_WARN_BLOCK_CAPTURE_AUTORELEASING = YES;
				CLANG_WARN_BOOL_CONVERSION = YES;
				CLANG_WARN_COMMA = YES;
				CLANG_WARN_CONSTANT_CONVERSION = YES;
				CLANG_WARN_DEPRECATED_OBJC_IMPLEMENTATIONS = YES;
				CLANG_WARN_DIRECT_OBJC_ISA_USAGE = YES_ERROR;
				CLANG_WARN_DOCUMENTATION_COMMENTS = YES;
				CLANG_WARN_EMPTY_BODY = YES;
				CLANG_WARN_ENUM_CONVERSION = YES;
				CLANG_WARN_INFINITE_RECURSION = YES;
				CLANG_WARN_INT_CONVERSION = YES;
				CLANG_WARN_NON_LITERAL_NULL_CONVERSION = YES;
				CLANG_WARN_OBJC_IMPLICIT_RETAIN_SELF = YES;
				CLANG_WARN_OBJC_LITERAL_CONVERSION = YES;
				CLANG_WARN_OBJC_ROOT_CLASS = YES_ERROR;
				CLANG_WARN_QUOTED_INCLUDE_IN_FRAMEWORK_HEADER = YES;
				CLANG_WARN_RANGE_LOOP_ANALYSIS = YES;
				CLANG_WARN_STRICT_PROTOTYPES = YES;
				CLANG_WARN_SUSPICIOUS_MOVE = YES;
				CLANG_WARN_UNGUARDED_AVAILABILITY = YES_AGGRESSIVE;
				CLANG_WARN_UNREACHABLE_CODE = YES;
				CLANG_WARN__DUPLICATE_METHOD_MATCH = YES;
				COPY_PHASE_STRIP = NO;
				CURRENT_PROJECT_VERSION = 1;
				DEAD_CODE_STRIPPING = YES;
				DEBUG_INFORMATION_FORMAT = "dwarf-with-dsym";
				DEFINES_MODULE = YES;
				DEVELOPMENT_TEAM = 8Z8NQN4LT4;
				DYLIB_INSTALL_NAME_BASE = "@rpath";
				ENABLE_MODULE_VERIFIER = YES;
				ENABLE_NS_ASSERTIONS = NO;
				ENABLE_STRICT_OBJC_MSGSEND = YES;
				GCC_C_LANGUAGE_STANDARD = c11;
				GCC_OPTIMIZATION_LEVEL = 3;
				GCC_WARN_64_TO_32_BIT_CONVERSION = YES;
				GCC_WARN_ABOUT_RETURN_TYPE = YES_ERROR;
				GCC_WARN_UNDECLARED_SELECTOR = YES;
				GCC_WARN_UNINITIALIZED_AUTOS = YES_AGGRESSIVE;
				GCC_WARN_UNUSED_FUNCTION = YES;
				GCC_WARN_UNUSED_VARIABLE = YES;
				GENERATE_INFOPLIST_FILE = YES;
				HEADER_SEARCH_PATHS = (
					"$(PROJECT_DIR)/vendor/LibRaw/LibRaw/libraw",
					"$(PROJECT_DIR)/vendor/RawSpeed/RawSpeed/src/librawspeed",
					"$(PROJECT_DIR)/vendor/RawSpeed/RawSpeed/src/external",
				);
				IPHONEOS_DEPLOYMENT_TARGET = 11.0;
				LD_RUNPATH_SEARCH_PATHS = (
					"@executable_path/Frameworks",
					"@executable_path/../Frameworks",
					"@loader_path/Frameworks",
				);
				MACOSX_DEPLOYMENT_TARGET = 10.13;
				MARKETING_VERSION = 1.0;
				MODULE_VERIFIER_SUPPORTED_LANGUAGES = "objective-c objective-c++";
				MODULE_VERIFIER_SUPPORTED_LANGUAGE_STANDARDS = "c11 c++17";
				PRODUCT_BUNDLE_IDENTIFIER = "ms.allman.$(PRODUCT_NAME)";
				PRODUCT_NAME = RawDecoder;
			};
			name = Release;
		};
		4E578A192A897D60002F7CE4 /* Debug */ = {
			isa = XCBuildConfiguration;
			buildSettings = {
				HEADER_SEARCH_PATHS = (
					"$(PROJECT_DIR)/vendor/LibRaw/LibRaw/libraw",
					"$(PROJECT_DIR)/vendor/RawSpeed/RawSpeed/src/librawspeed",
					"$(PROJECT_DIR)/vendor/RawSpeed/RawSpeed/src/external",
					"$(PROJECT_DIR)/vendor/RawSpeed/build-macOS/src",
					"$(PROJECT_DIR)/vendor/RawSpeed/build-macOS/src/external/llvm-openmp/build/runtime/src",
				);
				LIBRARY_SEARCH_PATHS = (
					"$(inherited)",
					"$(PROJECT_DIR)/vendor/RawSpeed/build-macOS",
					"$(PROJECT_DIR)/vendor/RawSpeed/build-macOS/src/external/llvm-openmp/build/runtime/src",
					"$(PROJECT_DIR)/vendor/RawSpeed/build-macOS/src/external/pugixml/build",
					"$(PROJECT_DIR)/vendor/LibRaw/build-macOS",
					"$(PROJECT_DIR)/vendor/RawSpeed/build-macOS/src/librawspeed/common",
				);
				ONLY_ACTIVE_ARCH = YES;
			};
			name = Debug;
		};
		4E578A1A2A897D60002F7CE4 /* Release */ = {
			isa = XCBuildConfiguration;
			buildSettings = {
				HEADER_SEARCH_PATHS = (
					"$(PROJECT_DIR)/vendor/LibRaw/LibRaw/libraw",
					"$(PROJECT_DIR)/vendor/RawSpeed/RawSpeed/src/librawspeed",
					"$(PROJECT_DIR)/vendor/RawSpeed/RawSpeed/src/external",
					"$(PROJECT_DIR)/vendor/RawSpeed/build-macOS/src",
					"$(PROJECT_DIR)/vendor/RawSpeed/build-macOS/src/external/llvm-openmp/build/runtime/src",
				);
				LIBRARY_SEARCH_PATHS = (
					"$(inherited)",
					"$(PROJECT_DIR)/vendor/RawSpeed/build-macOS",
					"$(PROJECT_DIR)/vendor/RawSpeed/build-macOS/src/external/llvm-openmp/build/runtime/src",
					"$(PROJECT_DIR)/vendor/RawSpeed/build-macOS/src/external/pugixml/build",
					"$(PROJECT_DIR)/vendor/LibRaw/build-macOS",
					"$(PROJECT_DIR)/vendor/RawSpeed/build-macOS/src/librawspeed/common",
				);
			};
			name = Release;
		};
		4E578A1C2A897D60002F7CE4 /* Debug */ = {
			isa = XCBuildConfiguration;
			buildSettings = {
				ONLY_ACTIVE_ARCH = YES;
				PRODUCT_NAME = "$(TARGET_NAME)";
			};
			name = Debug;
		};
		4E578A1D2A897D60002F7CE4 /* Release */ = {
			isa = XCBuildConfiguration;
			buildSettings = {
				PRODUCT_NAME = "$(TARGET_NAME)";
			};
			name = Release;
		};
		4EE929B42A89BC450048D918 /* Debug */ = {
			isa = XCBuildConfiguration;
			buildSettings = {
				HEADER_SEARCH_PATHS = (
					"$(PROJECT_DIR)/vendor/LibRaw/LibRaw/libraw",
					"$(PROJECT_DIR)/vendor/RawSpeed/RawSpeed/src/librawspeed",
					"$(PROJECT_DIR)/vendor/RawSpeed/RawSpeed/src/external",
					"$(PROJECT_DIR)/vendor/RawSpeed/build-iOS/src",
					"$(PROJECT_DIR)/vendor/RawSpeed/build-iOS/src/external/llvm-openmp/build/runtime/src",
				);
				LIBRARY_SEARCH_PATHS = (
					"$(inherited)",
					"$(PROJECT_DIR)/vendor/LibRaw/build-iOS",
					"$(PROJECT_DIR)/vendor/RawSpeed/build-iOS",
					"$(PROJECT_DIR)/vendor/RawSpeed/build-iOS/src/librawspeed/common",
					"$(PROJECT_DIR)/vendor/RawSpeed/build-iOS/src/external/llvm-openmp/build/runtime/src",
					"$(PROJECT_DIR)/vendor/RawSpeed/build-iOS/src/external/pugixml/build",
				);
				SDKROOT = iphoneos;
				SUPPORTED_PLATFORMS = "iphoneos iphonesimulator";
				SUPPORTS_MACCATALYST = NO;
				SUPPORTS_MAC_DESIGNED_FOR_IPHONE_IPAD = NO;
				TARGETED_DEVICE_FAMILY = "1,2";
			};
			name = Debug;
		};
		4EE929B52A89BC450048D918 /* Release */ = {
			isa = XCBuildConfiguration;
			buildSettings = {
				HEADER_SEARCH_PATHS = (
					"$(PROJECT_DIR)/vendor/LibRaw/LibRaw/libraw",
					"$(PROJECT_DIR)/vendor/RawSpeed/RawSpeed/src/librawspeed",
					"$(PROJECT_DIR)/vendor/RawSpeed/RawSpeed/src/external",
					"$(PROJECT_DIR)/vendor/RawSpeed/build-iOS/src",
					"$(PROJECT_DIR)/vendor/RawSpeed/build-iOS/src/external/llvm-openmp/build/runtime/src",
				);
				LIBRARY_SEARCH_PATHS = (
					"$(inherited)",
					"$(PROJECT_DIR)/vendor/LibRaw/build-iOS",
					"$(PROJECT_DIR)/vendor/RawSpeed/build-iOS",
					"$(PROJECT_DIR)/vendor/RawSpeed/build-iOS/src/librawspeed/common",
					"$(PROJECT_DIR)/vendor/RawSpeed/build-iOS/src/external/llvm-openmp/build/runtime/src",
					"$(PROJECT_DIR)/vendor/RawSpeed/build-iOS/src/external/pugixml/build",
				);
				SDKROOT = iphoneos;
				SUPPORTED_PLATFORMS = "iphoneos iphonesimulator";
				SUPPORTS_MACCATALYST = NO;
				SUPPORTS_MAC_DESIGNED_FOR_IPHONE_IPAD = NO;
				TARGETED_DEVICE_FAMILY = "1,2";
			};
			name = Release;
		};
		4EE929F22A89C0830048D918 /* Debug */ = {
			isa = XCBuildConfiguration;
			buildSettings = {
				HEADER_SEARCH_PATHS = (
					"$(PROJECT_DIR)/vendor/LibRaw/LibRaw/libraw",
					"$(PROJECT_DIR)/vendor/RawSpeed/RawSpeed/src/librawspeed",
					"$(PROJECT_DIR)/vendor/RawSpeed/RawSpeed/src/external",
					"$(PROJECT_DIR)/vendor/RawSpeed/build-iOS_Simulator/src",
				);
				LIBRARY_SEARCH_PATHS = (
					"$(inherited)",
					"$(PROJECT_DIR)/vendor/LibRaw/build-iOS_Simulator",
					"$(PROJECT_DIR)/vendor/RawSpeed/build-iOS_Simulator",
					"$(PROJECT_DIR)/vendor/RawSpeed/build-iOS_Simulator/src/librawspeed/common",
					"$(PROJECT_DIR)/vendor/RawSpeed/build-iOS_Simulator/src/external/pugixml/build",
				);
				SDKROOT = iphoneos;
				SUPPORTED_PLATFORMS = "iphoneos iphonesimulator";
				SUPPORTS_MACCATALYST = NO;
				SUPPORTS_MAC_DESIGNED_FOR_IPHONE_IPAD = NO;
				TARGETED_DEVICE_FAMILY = "1,2";
			};
			name = Debug;
		};
		4EE929F32A89C0830048D918 /* Release */ = {
			isa = XCBuildConfiguration;
			buildSettings = {
				HEADER_SEARCH_PATHS = (
					"$(PROJECT_DIR)/vendor/LibRaw/LibRaw/libraw",
					"$(PROJECT_DIR)/vendor/RawSpeed/RawSpeed/src/librawspeed",
					"$(PROJECT_DIR)/vendor/RawSpeed/RawSpeed/src/external",
					"$(PROJECT_DIR)/vendor/RawSpeed/build-iOS_Simulator/src",
				);
				LIBRARY_SEARCH_PATHS = (
					"$(inherited)",
					"$(PROJECT_DIR)/vendor/LibRaw/build-iOS_Simulator",
					"$(PROJECT_DIR)/vendor/RawSpeed/build-iOS_Simulator",
					"$(PROJECT_DIR)/vendor/RawSpeed/build-iOS_Simulator/src/librawspeed/common",
					"$(PROJECT_DIR)/vendor/RawSpeed/build-iOS_Simulator/src/external/pugixml/build",
				);
				SDKROOT = iphoneos;
				SUPPORTED_PLATFORMS = "iphoneos iphonesimulator";
				SUPPORTS_MACCATALYST = NO;
				SUPPORTS_MAC_DESIGNED_FOR_IPHONE_IPAD = NO;
				TARGETED_DEVICE_FAMILY = "1,2";
			};
			name = Release;
		};
/* End XCBuildConfiguration section */

/* Begin XCConfigurationList section */
		4E578A002A897D5F002F7CE4 /* Build configuration list for PBXProject "RawDecoder" */ = {
			isa = XCConfigurationList;
			buildConfigurations = (
				4E578A162A897D60002F7CE4 /* Debug */,
				4E578A172A897D60002F7CE4 /* Release */,
			);
			defaultConfigurationIsVisible = 0;
			defaultConfigurationName = Release;
		};
		4E578A182A897D60002F7CE4 /* Build configuration list for PBXNativeTarget "RawDecoder" */ = {
			isa = XCConfigurationList;
			buildConfigurations = (
				4E578A192A897D60002F7CE4 /* Debug */,
				4E578A1A2A897D60002F7CE4 /* Release */,
			);
			defaultConfigurationIsVisible = 0;
			defaultConfigurationName = Release;
		};
		4E578A1B2A897D60002F7CE4 /* Build configuration list for PBXNativeTarget "RawDecoderTests" */ = {
			isa = XCConfigurationList;
			buildConfigurations = (
				4E578A1C2A897D60002F7CE4 /* Debug */,
				4E578A1D2A897D60002F7CE4 /* Release */,
			);
			defaultConfigurationIsVisible = 0;
			defaultConfigurationName = Release;
		};
		4EE929B32A89BC450048D918 /* Build configuration list for PBXNativeTarget "RawDecoder iOS" */ = {
			isa = XCConfigurationList;
			buildConfigurations = (
				4EE929B42A89BC450048D918 /* Debug */,
				4EE929B52A89BC450048D918 /* Release */,
			);
			defaultConfigurationIsVisible = 0;
			defaultConfigurationName = Release;
		};
		4EE929F12A89C0830048D918 /* Build configuration list for PBXNativeTarget "RawDecoder iOS Simulator" */ = {
			isa = XCConfigurationList;
			buildConfigurations = (
				4EE929F22A89C0830048D918 /* Debug */,
				4EE929F32A89C0830048D918 /* Release */,
			);
			defaultConfigurationIsVisible = 0;
			defaultConfigurationName = Release;
		};
/* End XCConfigurationList section */
	};
	rootObject = 4E5789FD2A897D5F002F7CE4 /* Project object */;
}
